
Microsoft Visual Studio Solution File, Format Version 12.00
# Visual Studio 15
VisualStudioVersion = 15.0.27703.2018
MinimumVisualStudioVersion = 10.0.40219.1
Project("{2150E333-8FDC-42A3-9474-1A3956D46DE8}") = "src", "src", "{1EB6751A-C2A0-41B4-9A12-56F8BFE814A5}"
EndProject
Project("{2150E333-8FDC-42A3-9474-1A3956D46DE8}") = "test", "test", "{41865C60-7341-45E9-AB68-AF7D2C36E17B}"
EndProject
Project("{9A19103F-16F7-4668-BE54-9A1E7A4F7556}") = "DeveloperShelf.Cache", "src\DeveloperShelf.Cache\DeveloperShelf.Cache.csproj", "{0FE89480-625D-4960-A776-FBE8C56B53F4}"
EndProject
Project("{2150E333-8FDC-42A3-9474-1A3956D46DE8}") = "Solution Items", "Solution Items", "{E9DE4D89-63CA-4085-8093-D2B1116A2900}"
	ProjectSection(SolutionItems) = preProject
		.gitignore = .gitignore
		LICENSE = LICENSE
		README.md = README.md
	EndProjectSection
EndProject
Project("{FAE04EC0-301F-11D3-BF4B-00C04F79EFBC}") = "DeveloperShelf.Web", "src\DeveloperShelf.Web\DeveloperShelf.Web.csproj", "{7FA49BE1-9595-45FC-BFFB-4BE186CB4D20}"
EndProject
Project("{FAE04EC0-301F-11D3-BF4B-00C04F79EFBC}") = "DeveloperShelf.Utilities", "src\DeveloperShelf.Utilities\DeveloperShelf.Utilities.csproj", "{4714CB5B-7D16-4CB1-8D03-DDDD208B9D09}"
EndProject
Project("{FAE04EC0-301F-11D3-BF4B-00C04F79EFBC}") = "DeveloperShelf.Configuration", "src\DeveloperShelf.Configuration\DeveloperShelf.Configuration.csproj", "{F594FBED-D31F-49F6-92C0-88BBF7C19BC2}"
EndProject
Project("{FAE04EC0-301F-11D3-BF4B-00C04F79EFBC}") = "DeveloperShelf.Configuration.Cloud", "src\DeveloperShelf.Configuration.Cloud\DeveloperShelf.Configuration.Cloud.csproj", "{B19D4848-B161-4445-A14C-39239268AEAB}"
EndProject
Global
	GlobalSection(SolutionConfigurationPlatforms) = preSolution
		Debug|Any CPU = Debug|Any CPU
		Release|Any CPU = Release|Any CPU
	EndGlobalSection
	GlobalSection(ProjectConfigurationPlatforms) = postSolution
		{0FE89480-625D-4960-A776-FBE8C56B53F4}.Debug|Any CPU.ActiveCfg = Debug|Any CPU
		{0FE89480-625D-4960-A776-FBE8C56B53F4}.Debug|Any CPU.Build.0 = Debug|Any CPU
		{0FE89480-625D-4960-A776-FBE8C56B53F4}.Release|Any CPU.ActiveCfg = Release|Any CPU
		{0FE89480-625D-4960-A776-FBE8C56B53F4}.Release|Any CPU.Build.0 = Release|Any CPU
		{7FA49BE1-9595-45FC-BFFB-4BE186CB4D20}.Debug|Any CPU.ActiveCfg = Debug|Any CPU
		{7FA49BE1-9595-45FC-BFFB-4BE186CB4D20}.Debug|Any CPU.Build.0 = Debug|Any CPU
		{7FA49BE1-9595-45FC-BFFB-4BE186CB4D20}.Release|Any CPU.ActiveCfg = Release|Any CPU
		{7FA49BE1-9595-45FC-BFFB-4BE186CB4D20}.Release|Any CPU.Build.0 = Release|Any CPU
		{4714CB5B-7D16-4CB1-8D03-DDDD208B9D09}.Debug|Any CPU.ActiveCfg = Debug|Any CPU
		{4714CB5B-7D16-4CB1-8D03-DDDD208B9D09}.Debug|Any CPU.Build.0 = Debug|Any CPU
		{4714CB5B-7D16-4CB1-8D03-DDDD208B9D09}.Release|Any CPU.ActiveCfg = Release|Any CPU
		{4714CB5B-7D16-4CB1-8D03-DDDD208B9D09}.Release|Any CPU.Build.0 = Release|Any CPU
		{F594FBED-D31F-49F6-92C0-88BBF7C19BC2}.Debug|Any CPU.ActiveCfg = Debug|Any CPU
		{F594FBED-D31F-49F6-92C0-88BBF7C19BC2}.Debug|Any CPU.Build.0 = Debug|Any CPU
		{F594FBED-D31F-49F6-92C0-88BBF7C19BC2}.Release|Any CPU.ActiveCfg = Release|Any CPU
		{F594FBED-D31F-49F6-92C0-88BBF7C19BC2}.Release|Any CPU.Build.0 = Release|Any CPU
		{B19D4848-B161-4445-A14C-39239268AEAB}.Debug|Any CPU.ActiveCfg = Debug|Any CPU
		{B19D4848-B161-4445-A14C-39239268AEAB}.Debug|Any CPU.Build.0 = Debug|Any CPU
		{B19D4848-B161-4445-A14C-39239268AEAB}.Release|Any CPU.ActiveCfg = Release|Any CPU
		{B19D4848-B161-4445-A14C-39239268AEAB}.Release|Any CPU.Build.0 = Release|Any CPU
	EndGlobalSection
	GlobalSection(SolutionProperties) = preSolution
		HideSolutionNode = FALSE
	EndGlobalSection
	GlobalSection(NestedProjects) = preSolution
		{0FE89480-625D-4960-A776-FBE8C56B53F4} = {1EB6751A-C2A0-41B4-9A12-56F8BFE814A5}
		{7FA49BE1-9595-45FC-BFFB-4BE186CB4D20} = {1EB6751A-C2A0-41B4-9A12-56F8BFE814A5}
		{4714CB5B-7D16-4CB1-8D03-DDDD208B9D09} = {1EB6751A-C2A0-41B4-9A12-56F8BFE814A5}
		{F594FBED-D31F-49F6-92C0-88BBF7C19BC2} = {1EB6751A-C2A0-41B4-9A12-56F8BFE814A5}
		{B19D4848-B161-4445-A14C-39239268AEAB} = {1EB6751A-C2A0-41B4-9A12-56F8BFE814A5}
	EndGlobalSection
	GlobalSection(ExtensibilityGlobals) = postSolution
		SolutionGuid = {D682455F-9726-4AAA-8969-87F19BBB069E}
	EndGlobalSection
EndGlobal
